# This file is automatically @generated by Cargo.
# It is not intended for manual editing.
version = 4

[[package]]
name = "auth"
version = "0.1.0"

[[package]]
name = "config"
version = "0.1.0"

[[package]]
name = "core"
version = "0.1.0"

[[package]]
name = "http"
version = "0.1.0"

[[package]]
name = "observability"
version = "0.1.0"

[[package]]
name = "rate-limit"
version = "0.1.0"

[[package]]
name = "server"
version = "0.1.0"
